// !$*UTF8*$!
{
	archiveVersion = 1;
	classes = {
	};
	objectVersion = 51;
	objects = {

/* Begin PBXBuildFile section */
		B00D777A268656A00094C4CF /* 03C_my22_civic_sedan_features_exterior_01.webp in Resources */ = {isa = PBXBuildFile; fileRef = B00D7779268656A00094C4CF /* 03C_my22_civic_sedan_features_exterior_01.webp */; };
		B0505BD627050FFF00997A53 /* 1200px-2019_Toyota_RAV4_Excel_HEV_CVT_2.5_Front.jpg in Resources */ = {isa = PBXBuildFile; fileRef = B0505BD227050FFE00997A53 /* 1200px-2019_Toyota_RAV4_Excel_HEV_CVT_2.5_Front.jpg */; };
		B0505BD727050FFF00997A53 /* 2022_toyota_corolla_angularfront.jpeg in Resources */ = {isa = PBXBuildFile; fileRef = B0505BD327050FFE00997A53 /* 2022_toyota_corolla_angularfront.jpeg */; };
		B0505BD827050FFF00997A53 /* 2021-toyota-camry-hybrid-xle-mmp-1-1603215410.png in Resources */ = {isa = PBXBuildFile; fileRef = B0505BD427050FFF00997A53 /* 2021-toyota-camry-hybrid-xle-mmp-1-1603215410.png */; };
		B0505BD927050FFF00997A53 /* 2020_honda_cr-v_4dr-suv_touring_fq_oem_1_1600.jpeg in Resources */ = {isa = PBXBuildFile; fileRef = B0505BD527050FFF00997A53 /* 2020_honda_cr-v_4dr-suv_touring_fq_oem_1_1600.jpeg */; };
		B0505BDB2705100600997A53 /* 1594220287585.jpeg in Resources */ = {isa = PBXBuildFile; fileRef = B0505BDA2705100600997A53 /* 1594220287585.jpeg */; };
		B0505BDD2705110F00997A53 /* ordinary_car.png in Resources */ = {isa = PBXBuildFile; fileRef = B0505BDC2705110F00997A53 /* ordinary_car.png */; };
		B055CC9A2677FD4200384282 /* Card.swift in Sources */ = {isa = PBXBuildFile; fileRef = B055CC982677FD4200384282 /* Card.swift */; };
		B055CC9B2677FD4200384282 /* Card.xib in Resources */ = {isa = PBXBuildFile; fileRef = B055CC992677FD4200384282 /* Card.xib */; };
		B0A6FF49275EAB600005C4D8 /* ViewCompare.swift in Sources */ = {isa = PBXBuildFile; fileRef = B0A6FF48275EAB600005C4D8 /* ViewCompare.swift */; };
		B0A6FF4B275EB34A0005C4D8 /* ViewCompareSearch.swift in Sources */ = {isa = PBXBuildFile; fileRef = B0A6FF4A275EB34A0005C4D8 /* ViewCompareSearch.swift */; };
		B0B3A21024AE7EA600403182 /* AppDelegate.swift in Sources */ = {isa = PBXBuildFile; fileRef = B0B3A20F24AE7EA600403182 /* AppDelegate.swift */; };
		B0B3A21224AE7EA600403182 /* SceneDelegate.swift in Sources */ = {isa = PBXBuildFile; fileRef = B0B3A21124AE7EA600403182 /* SceneDelegate.swift */; };
		B0B3A21424AE7EA600403182 /* ViewController.swift in Sources */ = {isa = PBXBuildFile; fileRef = B0B3A21324AE7EA600403182 /* ViewController.swift */; };
		B0B3A21724AE7EA600403182 /* Main.storyboard in Resources */ = {isa = PBXBuildFile; fileRef = B0B3A21524AE7EA600403182 /* Main.storyboard */; };
		B0B3A21924AE7EA900403182 /* Assets.xcassets in Resources */ = {isa = PBXBuildFile; fileRef = B0B3A21824AE7EA900403182 /* Assets.xcassets */; };
		B0B3A21C24AE7EA900403182 /* LaunchScreen.storyboard in Resources */ = {isa = PBXBuildFile; fileRef = B0B3A21A24AE7EA900403182 /* LaunchScreen.storyboard */; };
		B0B9D9E2272EE0CB000CAA6B /* card_app_1024.jpg in Resources */ = {isa = PBXBuildFile; fileRef = B0B9D9E1272EE0CB000CAA6B /* card_app_1024.jpg */; };
		B0D288F4259E23BC0099CE6E /* ViewCard.swift in Sources */ = {isa = PBXBuildFile; fileRef = B0D288F3259E23BC0099CE6E /* ViewCard.swift */; };
		B0E5FE9E26585EBE00F70EDB /* Car_sales.csv in Resources */ = {isa = PBXBuildFile; fileRef = B0E5FE9D26585EBE00F70EDB /* Car_sales.csv */; };
		B0EF000227021B7500AE7E1C /* 2021-Honda-Accord-Hybrid-1-1.jpeg in Resources */ = {isa = PBXBuildFile; fileRef = B0EF000127021B7500AE7E1C /* 2021-Honda-Accord-Hybrid-1-1.jpeg */; };
		B0F7D1B925C7009A00E6647D /* ViewSearch.swift in Sources */ = {isa = PBXBuildFile; fileRef = B0F7D1B825C7009A00E6647D /* ViewSearch.swift */; };
		B0FC05162731D3F30054D62B /* WelcomeContentViewController.swift in Sources */ = {isa = PBXBuildFile; fileRef = B0FC05152731D3F30054D62B /* WelcomeContentViewController.swift */; };
		B0FC05182731D6540054D62B /* WelcomePageViewController.swift in Sources */ = {isa = PBXBuildFile; fileRef = B0FC05172731D6540054D62B /* WelcomePageViewController.swift */; };
		B0FEC14225583B3A000A90D8 /* Card.storyboard in Resources */ = {isa = PBXBuildFile; fileRef = B0FEC14025583B3A000A90D8 /* Card.storyboard */; };
		F68FEF58AEE574AE02275195 /* Pods_iosCard.framework in Frameworks */ = {isa = PBXBuildFile; fileRef = B9D104B6017C4B320B10F8B1 /* Pods_iosCard.framework */; };
/* End PBXBuildFile section */

/* Begin PBXFileReference section */
		6248389E45F69CB9FD11F2CA /* Pods-iosCard.release.xcconfig */ = {isa = PBXFileReference; includeInIndex = 1; lastKnownFileType = text.xcconfig; name = "Pods-iosCard.release.xcconfig"; path = "Target Support Files/Pods-iosCard/Pods-iosCard.release.xcconfig"; sourceTree = "<group>"; };
		B00D7779268656A00094C4CF /* 03C_my22_civic_sedan_features_exterior_01.webp */ = {isa = PBXFileReference; lastKnownFileType = file; name = 03C_my22_civic_sedan_features_exterior_01.webp; path = images/03C_my22_civic_sedan_features_exterior_01.webp; sourceTree = SOURCE_ROOT; };
		B0505BD227050FFE00997A53 /* 1200px-2019_Toyota_RAV4_Excel_HEV_CVT_2.5_Front.jpg */ = {isa = PBXFileReference; lastKnownFileType = image.jpeg; name = "1200px-2019_Toyota_RAV4_Excel_HEV_CVT_2.5_Front.jpg"; path = "images/1200px-2019_Toyota_RAV4_Excel_HEV_CVT_2.5_Front.jpg"; sourceTree = SOURCE_ROOT; };
		B0505BD327050FFE00997A53 /* 2022_toyota_corolla_angularfront.jpeg */ = {isa = PBXFileReference; lastKnownFileType = image.jpeg; name = 2022_toyota_corolla_angularfront.jpeg; path = images/2022_toyota_corolla_angularfront.jpeg; sourceTree = SOURCE_ROOT; };
		B0505BD427050FFF00997A53 /* 2021-toyota-camry-hybrid-xle-mmp-1-1603215410.png */ = {isa = PBXFileReference; lastKnownFileType = image.png; name = "2021-toyota-camry-hybrid-xle-mmp-1-1603215410.png"; path = "images/2021-toyota-camry-hybrid-xle-mmp-1-1603215410.png"; sourceTree = SOURCE_ROOT; };
		B0505BD527050FFF00997A53 /* 2020_honda_cr-v_4dr-suv_touring_fq_oem_1_1600.jpeg */ = {isa = PBXFileReference; lastKnownFileType = image.jpeg; name = "2020_honda_cr-v_4dr-suv_touring_fq_oem_1_1600.jpeg"; path = "images/2020_honda_cr-v_4dr-suv_touring_fq_oem_1_1600.jpeg"; sourceTree = SOURCE_ROOT; };
		B0505BDA2705100600997A53 /* 1594220287585.jpeg */ = {isa = PBXFileReference; lastKnownFileType = image.jpeg; name = 1594220287585.jpeg; path = images/1594220287585.jpeg; sourceTree = SOURCE_ROOT; };
		B0505BDC2705110F00997A53 /* ordinary_car.png */ = {isa = PBXFileReference; lastKnownFileType = image.png; name = ordinary_car.png; path = images/ordinary_car.png; sourceTree = SOURCE_ROOT; };
		B055CC982677FD4200384282 /* Card.swift */ = {isa = PBXFileReference; lastKnownFileType = sourcecode.swift; path = Card.swift; sourceTree = "<group>"; };
		B055CC992677FD4200384282 /* Card.xib */ = {isa = PBXFileReference; lastKnownFileType = file.xib; path = Card.xib; sourceTree = "<group>"; };
		B0A6FF48275EAB600005C4D8 /* ViewCompare.swift */ = {isa = PBXFileReference; lastKnownFileType = sourcecode.swift; path = ViewCompare.swift; sourceTree = "<group>"; };
		B0A6FF4A275EB34A0005C4D8 /* ViewCompareSearch.swift */ = {isa = PBXFileReference; lastKnownFileType = sourcecode.swift; path = ViewCompareSearch.swift; sourceTree = "<group>"; };
		B0B3A20C24AE7EA600403182 /* CARD.app */ = {isa = PBXFileReference; explicitFileType = wrapper.application; includeInIndex = 0; path = CARD.app; sourceTree = BUILT_PRODUCTS_DIR; };
		B0B3A20F24AE7EA600403182 /* AppDelegate.swift */ = {isa = PBXFileReference; lastKnownFileType = sourcecode.swift; path = AppDelegate.swift; sourceTree = "<group>"; };
		B0B3A21124AE7EA600403182 /* SceneDelegate.swift */ = {isa = PBXFileReference; lastKnownFileType = sourcecode.swift; path = SceneDelegate.swift; sourceTree = "<group>"; };
		B0B3A21324AE7EA600403182 /* ViewController.swift */ = {isa = PBXFileReference; lastKnownFileType = sourcecode.swift; path = ViewController.swift; sourceTree = "<group>"; };
		B0B3A21624AE7EA600403182 /* Base */ = {isa = PBXFileReference; lastKnownFileType = file.storyboard; name = Base; path = Base.lproj/Main.storyboard; sourceTree = "<group>"; };
		B0B3A21824AE7EA900403182 /* Assets.xcassets */ = {isa = PBXFileReference; lastKnownFileType = folder.assetcatalog; path = Assets.xcassets; sourceTree = "<group>"; };
		B0B3A21B24AE7EA900403182 /* Base */ = {isa = PBXFileReference; lastKnownFileType = file.storyboard; name = Base; path = Base.lproj/LaunchScreen.storyboard; sourceTree = "<group>"; };
		B0B3A21D24AE7EA900403182 /* Info.plist */ = {isa = PBXFileReference; lastKnownFileType = text.plist.xml; name = Info.plist; path = Project/Info.plist; sourceTree = SOURCE_ROOT; };
		B0B9D9E1272EE0CB000CAA6B /* card_app_1024.jpg */ = {isa = PBXFileReference; lastKnownFileType = image.jpeg; name = card_app_1024.jpg; path = images/app_icon/card_app_1024.jpg; sourceTree = SOURCE_ROOT; };
		B0D288F3259E23BC0099CE6E /* ViewCard.swift */ = {isa = PBXFileReference; lastKnownFileType = sourcecode.swift; path = ViewCard.swift; sourceTree = "<group>"; };
		B0E5FE9D26585EBE00F70EDB /* Car_sales.csv */ = {isa = PBXFileReference; fileEncoding = 4; lastKnownFileType = text; path = Car_sales.csv; sourceTree = "<group>"; };
		B0EF000127021B7500AE7E1C /* 2021-Honda-Accord-Hybrid-1-1.jpeg */ = {isa = PBXFileReference; lastKnownFileType = image.jpeg; name = "2021-Honda-Accord-Hybrid-1-1.jpeg"; path = "images/2021-Honda-Accord-Hybrid-1-1.jpeg"; sourceTree = SOURCE_ROOT; };
		B0F7D1B825C7009A00E6647D /* ViewSearch.swift */ = {isa = PBXFileReference; lastKnownFileType = sourcecode.swift; path = ViewSearch.swift; sourceTree = "<group>"; };
		B0FC05152731D3F30054D62B /* WelcomeContentViewController.swift */ = {isa = PBXFileReference; lastKnownFileType = sourcecode.swift; path = WelcomeContentViewController.swift; sourceTree = "<group>"; };
		B0FC05172731D6540054D62B /* WelcomePageViewController.swift */ = {isa = PBXFileReference; lastKnownFileType = sourcecode.swift; path = WelcomePageViewController.swift; sourceTree = "<group>"; };
		B0FEC14125583B3A000A90D8 /* Base */ = {isa = PBXFileReference; lastKnownFileType = file.storyboard; name = Base; path = Base.lproj/Card.storyboard; sourceTree = "<group>"; };
		B9D104B6017C4B320B10F8B1 /* Pods_iosCard.framework */ = {isa = PBXFileReference; explicitFileType = wrapper.framework; includeInIndex = 0; path = Pods_iosCard.framework; sourceTree = BUILT_PRODUCTS_DIR; };
		F8DF3C8C28C84403103E6FC4 /* Pods-iosCard.debug.xcconfig */ = {isa = PBXFileReference; includeInIndex = 1; lastKnownFileType = text.xcconfig; name = "Pods-iosCard.debug.xcconfig"; path = "Target Support Files/Pods-iosCard/Pods-iosCard.debug.xcconfig"; sourceTree = "<group>"; };
/* End PBXFileReference section */

/* Begin PBXFrameworksBuildPhase section */
		B0B3A20924AE7EA600403182 /* Frameworks */ = {
			isa = PBXFrameworksBuildPhase;
			buildActionMask = 2147483647;
			files = (
				F68FEF58AEE574AE02275195 /* Pods_iosCard.framework in Frameworks */,
			);
			runOnlyForDeploymentPostprocessing = 0;
		};
/* End PBXFrameworksBuildPhase section */

/* Begin PBXGroup section */
		7F68CF5E6EE272E82B274AFF /* Pods */ = {
			isa = PBXGroup;
			children = (
				F8DF3C8C28C84403103E6FC4 /* Pods-iosCard.debug.xcconfig */,
				6248389E45F69CB9FD11F2CA /* Pods-iosCard.release.xcconfig */,
			);
			path = Pods;
			sourceTree = "<group>";
		};
		9BDD8C345B919848AE148FB0 /* Frameworks */ = {
			isa = PBXGroup;
			children = (
				B9D104B6017C4B320B10F8B1 /* Pods_iosCard.framework */,
			);
			name = Frameworks;
			sourceTree = "<group>";
		};
		B0B3A20324AE7EA600403182 = {
			isa = PBXGroup;
			children = (
				B0B3A20E24AE7EA600403182 /* Project */,
				B0B3A20D24AE7EA600403182 /* Products */,
				7F68CF5E6EE272E82B274AFF /* Pods */,
				9BDD8C345B919848AE148FB0 /* Frameworks */,
			);
			sourceTree = "<group>";
		};
		B0B3A20D24AE7EA600403182 /* Products */ = {
			isa = PBXGroup;
			children = (
				B0B3A20C24AE7EA600403182 /* CARD.app */,
			);
			name = Products;
			sourceTree = "<group>";
		};
		B0B3A20E24AE7EA600403182 /* Project */ = {
			isa = PBXGroup;
			children = (
				B0B3A20F24AE7EA600403182 /* AppDelegate.swift */,
				B0B3A21124AE7EA600403182 /* SceneDelegate.swift */,
				B0D288F3259E23BC0099CE6E /* ViewCard.swift */,
				B0B3A21324AE7EA600403182 /* ViewController.swift */,
				B0F7D1B825C7009A00E6647D /* ViewSearch.swift */,
				B0B3A21524AE7EA600403182 /* Main.storyboard */,
				B0A6FF4A275EB34A0005C4D8 /* ViewCompareSearch.swift */,
				B0A6FF48275EAB600005C4D8 /* ViewCompare.swift */,
				B055CC982677FD4200384282 /* Card.swift */,
				B055CC992677FD4200384282 /* Card.xib */,
				B0FEC14025583B3A000A90D8 /* Card.storyboard */,
				B00D7779268656A00094C4CF /* 03C_my22_civic_sedan_features_exterior_01.webp */,
				B0B3A21824AE7EA900403182 /* Assets.xcassets */,
				B0FC05152731D3F30054D62B /* WelcomeContentViewController.swift */,
				B0FC05172731D6540054D62B /* WelcomePageViewController.swift */,
				B0B3A21A24AE7EA900403182 /* LaunchScreen.storyboard */,
				B0B3A21D24AE7EA900403182 /* Info.plist */,
				B0E5FE9D26585EBE00F70EDB /* Car_sales.csv */,
				B0EF000127021B7500AE7E1C /* 2021-Honda-Accord-Hybrid-1-1.jpeg */,
				B0505BD227050FFE00997A53 /* 1200px-2019_Toyota_RAV4_Excel_HEV_CVT_2.5_Front.jpg */,
				B0505BD527050FFF00997A53 /* 2020_honda_cr-v_4dr-suv_touring_fq_oem_1_1600.jpeg */,
				B0505BD427050FFF00997A53 /* 2021-toyota-camry-hybrid-xle-mmp-1-1603215410.png */,
				B0505BD327050FFE00997A53 /* 2022_toyota_corolla_angularfront.jpeg */,
				B0505BDA2705100600997A53 /* 1594220287585.jpeg */,
				B0505BDC2705110F00997A53 /* ordinary_car.png */,
				B0B9D9E1272EE0CB000CAA6B /* card_app_1024.jpg */,
			);
			path = Project;
			sourceTree = "<group>";
		};
/* End PBXGroup section */

/* Begin PBXNativeTarget section */
		B0B3A20B24AE7EA600403182 /* iosCard */ = {
			isa = PBXNativeTarget;
			buildConfigurationList = B0B3A22024AE7EA900403182 /* Build configuration list for PBXNativeTarget "iosCard" */;
			buildPhases = (
				EA6307694F8DEADCD3DF8EE5 /* [CP] Check Pods Manifest.lock */,
				B0B3A20824AE7EA600403182 /* Sources */,
				B0B3A20924AE7EA600403182 /* Frameworks */,
				B0B3A20A24AE7EA600403182 /* Resources */,
				A5261B33C70977A068C7733C /* [CP] Embed Pods Frameworks */,
			);
			buildRules = (
			);
			dependencies = (
			);
			name = iosCard;
			productName = Project;
			productReference = B0B3A20C24AE7EA600403182 /* CARD.app */;
			productType = "com.apple.product-type.application";
		};
/* End PBXNativeTarget section */

/* Begin PBXProject section */
		B0B3A20424AE7EA600403182 /* Project object */ = {
			isa = PBXProject;
			attributes = {
				LastSwiftUpdateCheck = 1150;
				LastUpgradeCheck = 1150;
				ORGANIZATIONNAME = TonyRen;
				TargetAttributes = {
					B0B3A20B24AE7EA600403182 = {
						CreatedOnToolsVersion = 11.5;
					};
				};
			};
			buildConfigurationList = B0B3A20724AE7EA600403182 /* Build configuration list for PBXProject "carcards" */;
			compatibilityVersion = "Xcode 9.3";
			developmentRegion = en;
			hasScannedForEncodings = 0;
			knownRegions = (
				en,
				Base,
			);
			mainGroup = B0B3A20324AE7EA600403182;
			productRefGroup = B0B3A20D24AE7EA600403182 /* Products */;
			projectDirPath = "";
			projectRoot = "";
			targets = (
				B0B3A20B24AE7EA600403182 /* iosCard */,
			);
		};
/* End PBXProject section */

/* Begin PBXResourcesBuildPhase section */
		B0B3A20A24AE7EA600403182 /* Resources */ = {
			isa = PBXResourcesBuildPhase;
			buildActionMask = 2147483647;
			files = (
				B0E5FE9E26585EBE00F70EDB /* Car_sales.csv in Resources */,
				B0B3A21C24AE7EA900403182 /* LaunchScreen.storyboard in Resources */,
				B055CC9B2677FD4200384282 /* Card.xib in Resources */,
				B0B9D9E2272EE0CB000CAA6B /* card_app_1024.jpg in Resources */,
				B0FEC14225583B3A000A90D8 /* Card.storyboard in Resources */,
				B0505BD827050FFF00997A53 /* 2021-toyota-camry-hybrid-xle-mmp-1-1603215410.png in Resources */,
				B0505BDB2705100600997A53 /* 1594220287585.jpeg in Resources */,
				B0505BDD2705110F00997A53 /* ordinary_car.png in Resources */,
				B0505BD727050FFF00997A53 /* 2022_toyota_corolla_angularfront.jpeg in Resources */,
				B0B3A21924AE7EA900403182 /* Assets.xcassets in Resources */,
				B0B3A21724AE7EA600403182 /* Main.storyboard in Resources */,
				B0505BD627050FFF00997A53 /* 1200px-2019_Toyota_RAV4_Excel_HEV_CVT_2.5_Front.jpg in Resources */,
				B0EF000227021B7500AE7E1C /* 2021-Honda-Accord-Hybrid-1-1.jpeg in Resources */,
				B0505BD927050FFF00997A53 /* 2020_honda_cr-v_4dr-suv_touring_fq_oem_1_1600.jpeg in Resources */,
				B00D777A268656A00094C4CF /* 03C_my22_civic_sedan_features_exterior_01.webp in Resources */,
			);
			runOnlyForDeploymentPostprocessing = 0;
		};
/* End PBXResourcesBuildPhase section */

/* Begin PBXShellScriptBuildPhase section */
		A5261B33C70977A068C7733C /* [CP] Embed Pods Frameworks */ = {
			isa = PBXShellScriptBuildPhase;
			buildActionMask = 2147483647;
			files = (
			);
			inputFileListPaths = (
				"${PODS_ROOT}/Target Support Files/Pods-iosCard/Pods-iosCard-frameworks-${CONFIGURATION}-input-files.xcfilelist",
			);
			name = "[CP] Embed Pods Frameworks";
			outputFileListPaths = (
				"${PODS_ROOT}/Target Support Files/Pods-iosCard/Pods-iosCard-frameworks-${CONFIGURATION}-output-files.xcfilelist",
			);
			runOnlyForDeploymentPostprocessing = 0;
			shellPath = /bin/sh;
			shellScript = "\"${PODS_ROOT}/Target Support Files/Pods-iosCard/Pods-iosCard-frameworks.sh\"\n";
			showEnvVarsInLog = 0;
		};
		EA6307694F8DEADCD3DF8EE5 /* [CP] Check Pods Manifest.lock */ = {
			isa = PBXShellScriptBuildPhase;
			buildActionMask = 2147483647;
			files = (
			);
			inputFileListPaths = (
			);
			inputPaths = (
				"${PODS_PODFILE_DIR_PATH}/Podfile.lock",
				"${PODS_ROOT}/Manifest.lock",
			);
			name = "[CP] Check Pods Manifest.lock";
			outputFileListPaths = (
			);
			outputPaths = (
				"$(DERIVED_FILE_DIR)/Pods-iosCard-checkManifestLockResult.txt",
			);
			runOnlyForDeploymentPostprocessing = 0;
			shellPath = /bin/sh;
			shellScript = "diff \"${PODS_PODFILE_DIR_PATH}/Podfile.lock\" \"${PODS_ROOT}/Manifest.lock\" > /dev/null\nif [ $? != 0 ] ; then\n    # print error to STDERR\n    echo \"error: The sandbox is not in sync with the Podfile.lock. Run 'pod install' or update your CocoaPods installation.\" >&2\n    exit 1\nfi\n# This output is used by Xcode 'outputs' to avoid re-running this script phase.\necho \"SUCCESS\" > \"${SCRIPT_OUTPUT_FILE_0}\"\n";
			showEnvVarsInLog = 0;
		};
/* End PBXShellScriptBuildPhase section */

/* Begin PBXSourcesBuildPhase section */
		B0B3A20824AE7EA600403182 /* Sources */ = {
			isa = PBXSourcesBuildPhase;
			buildActionMask = 2147483647;
			files = (
				B0A6FF4B275EB34A0005C4D8 /* ViewCompareSearch.swift in Sources */,
				B0B3A21424AE7EA600403182 /* ViewController.swift in Sources */,
				B0B3A21024AE7EA600403182 /* AppDelegate.swift in Sources */,
				B0FC05182731D6540054D62B /* WelcomePageViewController.swift in Sources */,
				B0D288F4259E23BC0099CE6E /* ViewCard.swift in Sources */,
				B0FC05162731D3F30054D62B /* WelcomeContentViewController.swift in Sources */,
				B0B3A21224AE7EA600403182 /* SceneDelegate.swift in Sources */,
				B0F7D1B925C7009A00E6647D /* ViewSearch.swift in Sources */,
				B0A6FF49275EAB600005C4D8 /* ViewCompare.swift in Sources */,
				B055CC9A2677FD4200384282 /* Card.swift in Sources */,
			);
			runOnlyForDeploymentPostprocessing = 0;
		};
/* End PBXSourcesBuildPhase section */

/* Begin PBXVariantGroup section */
		B0B3A21524AE7EA600403182 /* Main.storyboard */ = {
			isa = PBXVariantGroup;
			children = (
				B0B3A21624AE7EA600403182 /* Base */,
			);
			name = Main.storyboard;
			sourceTree = "<group>";
		};
		B0B3A21A24AE7EA900403182 /* LaunchScreen.storyboard */ = {
			isa = PBXVariantGroup;
			children = (
				B0B3A21B24AE7EA900403182 /* Base */,
			);
			name = LaunchScreen.storyboard;
			sourceTree = "<group>";
		};
		B0FEC14025583B3A000A90D8 /* Card.storyboard */ = {
			isa = PBXVariantGroup;
			children = (
				B0FEC14125583B3A000A90D8 /* Base */,
			);
			name = Card.storyboard;
			sourceTree = "<group>";
		};
/* End PBXVariantGroup section */

/* Begin XCBuildConfiguration section */
		B0B3A21E24AE7EA900403182 /* Debug */ = {
			isa = XCBuildConfiguration;
			buildSettings = {
				ALWAYS_SEARCH_USER_PATHS = NO;
				CLANG_ANALYZER_NONNULL = YES;
				CLANG_ANALYZER_NUMBER_OBJECT_CONVERSION = YES_AGGRESSIVE;
				CLANG_CXX_LANGUAGE_STANDARD = "gnu++14";
				CLANG_CXX_LIBRARY = "libc++";
				CLANG_ENABLE_MODULES = YES;
				CLANG_ENABLE_OBJC_ARC = YES;
				CLANG_ENABLE_OBJC_WEAK = YES;
				CLANG_WARN_BLOCK_CAPTURE_AUTORELEASING = YES;
				CLANG_WARN_BOOL_CONVERSION = YES;
				CLANG_WARN_COMMA = YES;
				CLANG_WARN_CONSTANT_CONVERSION = YES;
				CLANG_WARN_DEPRECATED_OBJC_IMPLEMENTATIONS = YES;
				CLANG_WARN_DIRECT_OBJC_ISA_USAGE = YES_ERROR;
				CLANG_WARN_DOCUMENTATION_COMMENTS = YES;
				CLANG_WARN_EMPTY_BODY = YES;
				CLANG_WARN_ENUM_CONVERSION = YES;
				CLANG_WARN_INFINITE_RECURSION = YES;
				CLANG_WARN_INT_CONVERSION = YES;
				CLANG_WARN_NON_LITERAL_NULL_CONVERSION = YES;
				CLANG_WARN_OBJC_IMPLICIT_RETAIN_SELF = YES;
				CLANG_WARN_OBJC_LITERAL_CONVERSION = YES;
				CLANG_WARN_OBJC_ROOT_CLASS = YES_ERROR;
				CLANG_WARN_RANGE_LOOP_ANALYSIS = YES;
				CLANG_WARN_STRICT_PROTOTYPES = YES;
				CLANG_WARN_SUSPICIOUS_MOVE = YES;
				CLANG_WARN_UNGUARDED_AVAILABILITY = YES_AGGRESSIVE;
				CLANG_WARN_UNREACHABLE_CODE = YES;
				CLANG_WARN__DUPLICATE_METHOD_MATCH = YES;
				COPY_PHASE_STRIP = NO;
				DEBUG_INFORMATION_FORMAT = dwarf;
				ENABLE_STRICT_OBJC_MSGSEND = YES;
				ENABLE_TESTABILITY = YES;
				GCC_C_LANGUAGE_STANDARD = gnu11;
				GCC_DYNAMIC_NO_PIC = NO;
				GCC_NO_COMMON_BLOCKS = YES;
				GCC_OPTIMIZATION_LEVEL = 0;
				GCC_PREPROCESSOR_DEFINITIONS = (
					"DEBUG=1",
					"$(inherited)",
				);
				GCC_WARN_64_TO_32_BIT_CONVERSION = YES;
				GCC_WARN_ABOUT_RETURN_TYPE = YES_ERROR;
				GCC_WARN_UNDECLARED_SELECTOR = YES;
				GCC_WARN_UNINITIALIZED_AUTOS = YES_AGGRESSIVE;
				GCC_WARN_UNUSED_FUNCTION = YES;
				GCC_WARN_UNUSED_VARIABLE = YES;
				IPHONEOS_DEPLOYMENT_TARGET = 11.0;
				MTL_ENABLE_DEBUG_INFO = INCLUDE_SOURCE;
				MTL_FAST_MATH = YES;
				ONLY_ACTIVE_ARCH = YES;
				SDKROOT = iphoneos;
				SWIFT_ACTIVE_COMPILATION_CONDITIONS = DEBUG;
				SWIFT_OPTIMIZATION_LEVEL = "-Onone";
			};
			name = Debug;
		};
		B0B3A21F24AE7EA900403182 /* Release */ = {
			isa = XCBuildConfiguration;
			buildSettings = {
				ALWAYS_SEARCH_USER_PATHS = NO;
				CLANG_ANALYZER_NONNULL = YES;
				CLANG_ANALYZER_NUMBER_OBJECT_CONVERSION = YES_AGGRESSIVE;
				CLANG_CXX_LANGUAGE_STANDARD = "gnu++14";
				CLANG_CXX_LIBRARY = "libc++";
				CLANG_ENABLE_MODULES = YES;
				CLANG_ENABLE_OBJC_ARC = YES;
				CLANG_ENABLE_OBJC_WEAK = YES;
				CLANG_WARN_BLOCK_CAPTURE_AUTORELEASING = YES;
				CLANG_WARN_BOOL_CONVERSION = YES;
				CLANG_WARN_COMMA = YES;
				CLANG_WARN_CONSTANT_CONVERSION = YES;
				CLANG_WARN_DEPRECATED_OBJC_IMPLEMENTATIONS = YES;
				CLANG_WARN_DIRECT_OBJC_ISA_USAGE = YES_ERROR;
				CLANG_WARN_DOCUMENTATION_COMMENTS = YES;
				CLANG_WARN_EMPTY_BODY = YES;
				CLANG_WARN_ENUM_CONVERSION = YES;
				CLANG_WARN_INFINITE_RECURSION = YES;
				CLANG_WARN_INT_CONVERSION = YES;
				CLANG_WARN_NON_LITERAL_NULL_CONVERSION = YES;
				CLANG_WARN_OBJC_IMPLICIT_RETAIN_SELF = YES;
				CLANG_WARN_OBJC_LITERAL_CONVERSION = YES;
				CLANG_WARN_OBJC_ROOT_CLASS = YES_ERROR;
				CLANG_WARN_RANGE_LOOP_ANALYSIS = YES;
				CLANG_WARN_STRICT_PROTOTYPES = YES;
				CLANG_WARN_SUSPICIOUS_MOVE = YES;
				CLANG_WARN_UNGUARDED_AVAILABILITY = YES_AGGRESSIVE;
				CLANG_WARN_UNREACHABLE_CODE = YES;
				CLANG_WARN__DUPLICATE_METHOD_MATCH = YES;
				COPY_PHASE_STRIP = NO;
				DEBUG_INFORMATION_FORMAT = "dwarf-with-dsym";
				ENABLE_NS_ASSERTIONS = NO;
				ENABLE_STRICT_OBJC_MSGSEND = YES;
				GCC_C_LANGUAGE_STANDARD = gnu11;
				GCC_NO_COMMON_BLOCKS = YES;
				GCC_WARN_64_TO_32_BIT_CONVERSION = YES;
				GCC_WARN_ABOUT_RETURN_TYPE = YES_ERROR;
				GCC_WARN_UNDECLARED_SELECTOR = YES;
				GCC_WARN_UNINITIALIZED_AUTOS = YES_AGGRESSIVE;
				GCC_WARN_UNUSED_FUNCTION = YES;
				GCC_WARN_UNUSED_VARIABLE = YES;
				IPHONEOS_DEPLOYMENT_TARGET = 11.0;
				MTL_ENABLE_DEBUG_INFO = NO;
				MTL_FAST_MATH = YES;
				SDKROOT = iphoneos;
				SWIFT_COMPILATION_MODE = wholemodule;
				SWIFT_OPTIMIZATION_LEVEL = "-O";
				VALIDATE_PRODUCT = YES;
			};
			name = Release;
		};
		B0B3A22124AE7EA900403182 /* Debug */ = {
			isa = XCBuildConfiguration;
			baseConfigurationReference = F8DF3C8C28C84403103E6FC4 /* Pods-iosCard.debug.xcconfig */;
			buildSettings = {
				ASSETCATALOG_COMPILER_APPICON_NAME = AppIcon;
				CODE_SIGN_STYLE = Automatic;
				DEVELOPMENT_TEAM = U2U2C95MX8;
				INFOPLIST_FILE = Project/Info.plist;
				IPHONEOS_DEPLOYMENT_TARGET = 14.3;
				LD_RUNPATH_SEARCH_PATHS = (
					"$(inherited)",
					"@executable_path/Frameworks",
				);
				PRODUCT_BUNDLE_IDENTIFIER = com.carleton.1601.Project.tonyren;
				PRODUCT_NAME = CARD;
				SWIFT_VERSION = 5.0;
				TARGETED_DEVICE_FAMILY = "1,2";
			};
			name = Debug;
		};
		B0B3A22224AE7EA900403182 /* Release */ = {
			isa = XCBuildConfiguration;
			baseConfigurationReference = 6248389E45F69CB9FD11F2CA /* Pods-iosCard.release.xcconfig */;
			buildSettings = {
				ASSETCATALOG_COMPILER_APPICON_NAME = AppIcon;
				CODE_SIGN_STYLE = Automatic;
				DEVELOPMENT_TEAM = U2U2C95MX8;
				INFOPLIST_FILE = Project/Info.plist;
				IPHONEOS_DEPLOYMENT_TARGET = 14.3;
				LD_RUNPATH_SEARCH_PATHS = (
					"$(inherited)",
					"@executable_path/Frameworks",
				);
				PRODUCT_BUNDLE_IDENTIFIER = com.carleton.1601.Project.tonyren;
				PRODUCT_NAME = CARD;
				SWIFT_VERSION = 5.0;
				TARGETED_DEVICE_FAMILY = "1,2";
			};
			name = Release;
		};
/* End XCBuildConfiguration section */

/* Begin XCConfigurationList section */
		B0B3A20724AE7EA600403182 /* Build configuration list for PBXProject "carcards" */ = {
			isa = XCConfigurationList;
			buildConfigurations = (
				B0B3A21E24AE7EA900403182 /* Debug */,
				B0B3A21F24AE7EA900403182 /* Release */,
			);
			defaultConfigurationIsVisible = 0;
			defaultConfigurationName = Release;
		};
		B0B3A22024AE7EA900403182 /* Build configuration list for PBXNativeTarget "iosCard" */ = {
			isa = XCConfigurationList;
			buildConfigurations = (
				B0B3A22124AE7EA900403182 /* Debug */,
				B0B3A22224AE7EA900403182 /* Release */,
			);
			defaultConfigurationIsVisible = 0;
			defaultConfigurationName = Release;
		};
/* End XCConfigurationList section */
	};
	rootObject = B0B3A20424AE7EA600403182 /* Project object */;
}
